
Microsoft Visual Studio Solution File, Format Version 12.00
# Visual Studio Version 17
VisualStudioVersion = 17.0.31919.166
MinimumVisualStudioVersion = 10.0.40219.1
Project("{FAE04EC0-301F-11D3-BF4B-00C04F79EFBC}") = "2017510067_ngram", "2017510067_ngram.csproj", "{36D4544D-B3FC-41A0-9D9D-0A221C8E0748}"
EndProject
Global
	GlobalSection(SolutionConfigurationPlatforms) = preSolution
		Debug|Any CPU = Debug|Any CPU
		Release|Any CPU = Release|Any CPU
	EndGlobalSection
	GlobalSection(ProjectConfigurationPlatforms) = postSolution
		{36D4544D-B3FC-41A0-9D9D-0A221C8E0748}.Debug|Any CPU.ActiveCfg = Debug|Any CPU
		{36D4544D-B3FC-41A0-9D9D-0A221C8E0748}.Debug|Any CPU.Build.0 = Debug|Any CPU
		{36D4544D-B3FC-41A0-9D9D-0A221C8E0748}.Release|Any CPU.ActiveCfg = Release|Any CPU
		{36D4544D-B3FC-41A0-9D9D-0A221C8E0748}.Release|Any CPU.Build.0 = Release|Any CPU
	EndGlobalSection
	GlobalSection(SolutionProperties) = preSolution
		HideSolutionNode = FALSE
	EndGlobalSection
	GlobalSection(ExtensibilityGlobals) = postSolution
		SolutionGuid = {86D19A12-A912-4E31-B40B-29F9EF76C714}
	EndGlobalSection
EndGlobal
